
Microsoft Visual Studio Solution File, Format Version 12.00
# Visual Studio Version 16
VisualStudioVersion = 16.0.31729.503
MinimumVisualStudioVersion = 10.0.40219.1
Project("{FAE04EC0-301F-11D3-BF4B-00C04F79EFBC}") = "EkzPiletsky", "EkzPiletsky\EkzPiletsky.csproj", "{96857015-ED00-4392-8252-4888470E8CE5}"
EndProject
Project("{FAE04EC0-301F-11D3-BF4B-00C04F79EFBC}") = "EkzTest", "EkzTest\EkzTest.csproj", "{C3B229CB-8240-4FC7-BFED-13811758D85F}"
EndProject
Global
	GlobalSection(SolutionConfigurationPlatforms) = preSolution
		Debug|Any CPU = Debug|Any CPU
		Release|Any CPU = Release|Any CPU
	EndGlobalSection
	GlobalSection(ProjectConfigurationPlatforms) = postSolution
		{96857015-ED00-4392-8252-4888470E8CE5}.Debug|Any CPU.ActiveCfg = Debug|Any CPU
		{96857015-ED00-4392-8252-4888470E8CE5}.Debug|Any CPU.Build.0 = Debug|Any CPU
		{96857015-ED00-4392-8252-4888470E8CE5}.Release|Any CPU.ActiveCfg = Release|Any CPU
		{96857015-ED00-4392-8252-4888470E8CE5}.Release|Any CPU.Build.0 = Release|Any CPU
		{C3B229CB-8240-4FC7-BFED-13811758D85F}.Debug|Any CPU.ActiveCfg = Debug|Any CPU
		{C3B229CB-8240-4FC7-BFED-13811758D85F}.Debug|Any CPU.Build.0 = Debug|Any CPU
		{C3B229CB-8240-4FC7-BFED-13811758D85F}.Release|Any CPU.ActiveCfg = Release|Any CPU
		{C3B229CB-8240-4FC7-BFED-13811758D85F}.Release|Any CPU.Build.0 = Release|Any CPU
	EndGlobalSection
	GlobalSection(SolutionProperties) = preSolution
		HideSolutionNode = FALSE
	EndGlobalSection
	GlobalSection(ExtensibilityGlobals) = postSolution
		SolutionGuid = {4D1F26D1-7701-4BFB-83CC-D888143576E9}
	EndGlobalSection
EndGlobal
